
Microsoft Visual Studio Solution File, Format Version 12.00
# Visual Studio Version 17
VisualStudioVersion = 17.6.33723.286
MinimumVisualStudioVersion = 10.0.40219.1
Project("{FAE04EC0-301F-11D3-BF4B-00C04F79EFBC}") = "MVCTest", "MVCTest\MVCTest.csproj", "{CFD49A2D-8ECF-4836-A3D8-707AE2C8A42D}"
EndProject
Global
	GlobalSection(SolutionConfigurationPlatforms) = preSolution
		Debug|Any CPU = Debug|Any CPU
		Release|Any CPU = Release|Any CPU
	EndGlobalSection
	GlobalSection(ProjectConfigurationPlatforms) = postSolution
		{CFD49A2D-8ECF-4836-A3D8-707AE2C8A42D}.Debug|Any CPU.ActiveCfg = Debug|Any CPU
		{CFD49A2D-8ECF-4836-A3D8-707AE2C8A42D}.Debug|Any CPU.Build.0 = Debug|Any CPU
		{CFD49A2D-8ECF-4836-A3D8-707AE2C8A42D}.Release|Any CPU.ActiveCfg = Release|Any CPU
		{CFD49A2D-8ECF-4836-A3D8-707AE2C8A42D}.Release|Any CPU.Build.0 = Release|Any CPU
	EndGlobalSection
	GlobalSection(SolutionProperties) = preSolution
		HideSolutionNode = FALSE
	EndGlobalSection
	GlobalSection(ExtensibilityGlobals) = postSolution
		SolutionGuid = {AA6FF317-5C85-441D-94BD-33E1746BE165}
	EndGlobalSection
EndGlobal
